
Microsoft Visual Studio Solution File, Format Version 12.00
# Visual Studio Version 16
VisualStudioVersion = 16.0.29920.165
MinimumVisualStudioVersion = 10.0.40219.1
Project("{FAE04EC0-301F-11D3-BF4B-00C04F79EFBC}") = "RebelRentals", "RebelRentals\RebelRentals.csproj", "{8DE3F439-5CF4-42F5-84FB-48E1CFCC7B0C}"
EndProject
Global
	GlobalSection(SolutionConfigurationPlatforms) = preSolution
		Debug|Any CPU = Debug|Any CPU
		Release|Any CPU = Release|Any CPU
	EndGlobalSection
	GlobalSection(ProjectConfigurationPlatforms) = postSolution
		{8DE3F439-5CF4-42F5-84FB-48E1CFCC7B0C}.Debug|Any CPU.ActiveCfg = Debug|Any CPU
		{8DE3F439-5CF4-42F5-84FB-48E1CFCC7B0C}.Debug|Any CPU.Build.0 = Debug|Any CPU
		{8DE3F439-5CF4-42F5-84FB-48E1CFCC7B0C}.Release|Any CPU.ActiveCfg = Release|Any CPU
		{8DE3F439-5CF4-42F5-84FB-48E1CFCC7B0C}.Release|Any CPU.Build.0 = Release|Any CPU
	EndGlobalSection
	GlobalSection(SolutionProperties) = preSolution
		HideSolutionNode = FALSE
	EndGlobalSection
	GlobalSection(ExtensibilityGlobals) = postSolution
		SolutionGuid = {E9A9928B-5534-49C2-84DC-D4747723BD29}
	EndGlobalSection
EndGlobal
